
Microsoft Visual Studio Solution File, Format Version 12.00
Project("{FAE04EC0-301F-11D3-BF4B-00C04F79EFBC}") = "Accounting.Domain", "Accounting.Domain\Accounting.Domain.csproj", "{7FDECF09-1EA7-4F16-ADEA-65CCB38C15A9}"
EndProject
Project("{FAE04EC0-301F-11D3-BF4B-00C04F79EFBC}") = "Accounting.Module", "Accounting.Module\Accounting.Module.csproj", "{29E8392C-4696-4A38-B795-A38774833ED3}"
EndProject
Project("{FAE04EC0-301F-11D3-BF4B-00C04F79EFBC}") = "Accounting.Specs", "Accounting.Specs\Accounting.Specs.csproj", "{4DF0FD70-552F-457B-B0B0-131748A9FFFD}"
EndProject
Project("{2150E333-8FDC-42A3-9474-1A3956D46DE8}") = "Accounting", "Accounting", "{2E2A9811-506D-4420-8EC1-821C8AC74564}"
EndProject
Project("{FAE04EC0-301F-11D3-BF4B-00C04F79EFBC}") = "SetupLargeTests.Application", "SetupLargeTests.Application\SetupLargeTests.Application.csproj", "{27A162E6-C0CF-4E97-B706-708AFA306BAA}"
EndProject
Project("{FAE04EC0-301F-11D3-BF4B-00C04F79EFBC}") = "SetupLargeTests.Specs", "SetupLargeTests.Specs\SetupLargeTests.Specs.csproj", "{E9560B25-5D24-4DF6-917B-ADB6B47BA7AA}"
EndProject
Global
	GlobalSection(SolutionConfigurationPlatforms) = preSolution
		Debug|Any CPU = Debug|Any CPU
		Release|Any CPU = Release|Any CPU
	EndGlobalSection
	GlobalSection(ProjectConfigurationPlatforms) = postSolution
		{7FDECF09-1EA7-4F16-ADEA-65CCB38C15A9}.Debug|Any CPU.ActiveCfg = Debug|Any CPU
		{7FDECF09-1EA7-4F16-ADEA-65CCB38C15A9}.Debug|Any CPU.Build.0 = Debug|Any CPU
		{7FDECF09-1EA7-4F16-ADEA-65CCB38C15A9}.Release|Any CPU.ActiveCfg = Release|Any CPU
		{7FDECF09-1EA7-4F16-ADEA-65CCB38C15A9}.Release|Any CPU.Build.0 = Release|Any CPU
		{29E8392C-4696-4A38-B795-A38774833ED3}.Debug|Any CPU.ActiveCfg = Debug|Any CPU
		{29E8392C-4696-4A38-B795-A38774833ED3}.Debug|Any CPU.Build.0 = Debug|Any CPU
		{29E8392C-4696-4A38-B795-A38774833ED3}.Release|Any CPU.ActiveCfg = Release|Any CPU
		{29E8392C-4696-4A38-B795-A38774833ED3}.Release|Any CPU.Build.0 = Release|Any CPU
		{4DF0FD70-552F-457B-B0B0-131748A9FFFD}.Debug|Any CPU.ActiveCfg = Debug|Any CPU
		{4DF0FD70-552F-457B-B0B0-131748A9FFFD}.Debug|Any CPU.Build.0 = Debug|Any CPU
		{4DF0FD70-552F-457B-B0B0-131748A9FFFD}.Release|Any CPU.ActiveCfg = Release|Any CPU
		{4DF0FD70-552F-457B-B0B0-131748A9FFFD}.Release|Any CPU.Build.0 = Release|Any CPU
		{27A162E6-C0CF-4E97-B706-708AFA306BAA}.Debug|Any CPU.ActiveCfg = Debug|Any CPU
		{27A162E6-C0CF-4E97-B706-708AFA306BAA}.Debug|Any CPU.Build.0 = Debug|Any CPU
		{27A162E6-C0CF-4E97-B706-708AFA306BAA}.Release|Any CPU.ActiveCfg = Release|Any CPU
		{27A162E6-C0CF-4E97-B706-708AFA306BAA}.Release|Any CPU.Build.0 = Release|Any CPU
		{E9560B25-5D24-4DF6-917B-ADB6B47BA7AA}.Debug|Any CPU.ActiveCfg = Debug|Any CPU
		{E9560B25-5D24-4DF6-917B-ADB6B47BA7AA}.Debug|Any CPU.Build.0 = Debug|Any CPU
		{E9560B25-5D24-4DF6-917B-ADB6B47BA7AA}.Release|Any CPU.ActiveCfg = Release|Any CPU
		{E9560B25-5D24-4DF6-917B-ADB6B47BA7AA}.Release|Any CPU.Build.0 = Release|Any CPU
	EndGlobalSection
	GlobalSection(NestedProjects) = preSolution
		{7FDECF09-1EA7-4F16-ADEA-65CCB38C15A9} = {2E2A9811-506D-4420-8EC1-821C8AC74564}
		{29E8392C-4696-4A38-B795-A38774833ED3} = {2E2A9811-506D-4420-8EC1-821C8AC74564}
		{4DF0FD70-552F-457B-B0B0-131748A9FFFD} = {2E2A9811-506D-4420-8EC1-821C8AC74564}
	EndGlobalSection
EndGlobal
